// !$*UTF8*$!
{
	archiveVersion = 1;
	classes = {
	};
	objectVersion = 46;
	objects = {

/* Begin PBXBuildFile section */
		8058E02F1DE200B70071FE91 /* main.m in Sources */ = {isa = PBXBuildFile; fileRef = 8058E02E1DE200B70071FE91 /* main.m */; };
		8058E0321DE200B70071FE91 /* AppDelegate.m in Sources */ = {isa = PBXBuildFile; fileRef = 8058E0311DE200B70071FE91 /* AppDelegate.m */; };
		8058E0351DE200B70071FE91 /* ViewController.m in Sources */ = {isa = PBXBuildFile; fileRef = 8058E0341DE200B70071FE91 /* ViewController.m */; };
		8058E0381DE200B70071FE91 /* Main.storyboard in Resources */ = {isa = PBXBuildFile; fileRef = 8058E0361DE200B70071FE91 /* Main.storyboard */; };
		8058E03A1DE200B70071FE91 /* Assets.xcassets in Resources */ = {isa = PBXBuildFile; fileRef = 8058E0391DE200B70071FE91 /* Assets.xcassets */; };
		8058E03D1DE200B70071FE91 /* LaunchScreen.storyboard in Resources */ = {isa = PBXBuildFile; fileRef = 8058E03B1DE200B70071FE91 /* LaunchScreen.storyboard */; };
		8058E0461DE201750071FE91 /* EasyAlertView.m in Sources */ = {isa = PBXBuildFile; fileRef = 8058E0451DE201750071FE91 /* EasyAlertView.m */; };
/* End PBXBuildFile section */

/* Begin PBXFileReference section */
		8058E02A1DE200B60071FE91 /* EasyAlertView.app */ = {isa = PBXFileReference; explicitFileType = wrapper.application; includeInIndex = 0; path = EasyAlertView.app; sourceTree = BUILT_PRODUCTS_DIR; };
		8058E02E1DE200B70071FE91 /* main.m */ = {isa = PBXFileReference; lastKnownFileType = sourcecode.c.objc; path = main.m; sourceTree = "<group>"; };
		8058E0301DE200B70071FE91 /* AppDelegate.h */ = {isa = PBXFileReference; lastKnownFileType = sourcecode.c.h; path = AppDelegate.h; sourceTree = "<group>"; };
		8058E0311DE200B70071FE91 /* AppDelegate.m */ = {isa = PBXFileReference; lastKnownFileType = sourcecode.c.objc; path = AppDelegate.m; sourceTree = "<group>"; };
		8058E0331DE200B70071FE91 /* ViewController.h */ = {isa = PBXFileReference; lastKnownFileType = sourcecode.c.h; path = ViewController.h; sourceTree = "<group>"; };
		8058E0341DE200B70071FE91 /* ViewController.m */ = {isa = PBXFileReference; lastKnownFileType = sourcecode.c.objc; path = ViewController.m; sourceTree = "<group>"; };
		8058E0371DE200B70071FE91 /* Base */ = {isa = PBXFileReference; lastKnownFileType = file.storyboard; name = Base; path = Base.lproj/Main.storyboard; sourceTree = "<group>"; };
		8058E0391DE200B70071FE91 /* Assets.xcassets */ = {isa = PBXFileReference; lastKnownFileType = folder.assetcatalog; path = Assets.xcassets; sourceTree = "<group>"; };
		8058E03C1DE200B70071FE91 /* Base */ = {isa = PBXFileReference; lastKnownFileType = file.storyboard; name = Base; path = Base.lproj/LaunchScreen.storyboard; sourceTree = "<group>"; };
		8058E03E1DE200B70071FE91 /* Info.plist */ = {isa = PBXFileReference; lastKnownFileType = text.plist.xml; path = Info.plist; sourceTree = "<group>"; };
		8058E0441DE201750071FE91 /* EasyAlertView.h */ = {isa = PBXFileReference; fileEncoding = 4; lastKnownFileType = sourcecode.c.h; path = EasyAlertView.h; sourceTree = "<group>"; };
		8058E0451DE201750071FE91 /* EasyAlertView.m */ = {isa = PBXFileReference; fileEncoding = 4; lastKnownFileType = sourcecode.c.objc; path = EasyAlertView.m; sourceTree = "<group>"; };
/* End PBXFileReference section */

/* Begin PBXFrameworksBuildPhase section */
		8058E0271DE200B60071FE91 /* Frameworks */ = {
			isa = PBXFrameworksBuildPhase;
			buildActionMask = 2147483647;
			files = (
			);
			runOnlyForDeploymentPostprocessing = 0;
		};
/* End PBXFrameworksBuildPhase section */

/* Begin PBXGroup section */
		8058E0211DE200B60071FE91 = {
			isa = PBXGroup;
			children = (
				8058E02C1DE200B70071FE91 /* EasyAlertView */,
				8058E02B1DE200B60071FE91 /* Products */,
			);
			sourceTree = "<group>";
		};
		8058E02B1DE200B60071FE91 /* Products */ = {
			isa = PBXGroup;
			children = (
				8058E02A1DE200B60071FE91 /* EasyAlertView.app */,
			);
			name = Products;
			sourceTree = "<group>";
		};
		8058E02C1DE200B70071FE91 /* EasyAlertView */ = {
			isa = PBXGroup;
			children = (
				8058E0441DE201750071FE91 /* EasyAlertView.h */,
				8058E0451DE201750071FE91 /* EasyAlertView.m */,
				8058E02D1DE200B70071FE91 /* Supporting Files */,
			);
			path = EasyAlertView;
			sourceTree = "<group>";
		};
		8058E02D1DE200B70071FE91 /* Supporting Files */ = {
			isa = PBXGroup;
			children = (
				8058E0301DE200B70071FE91 /* AppDelegate.h */,
				8058E0311DE200B70071FE91 /* AppDelegate.m */,
				8058E0331DE200B70071FE91 /* ViewController.h */,
				8058E0341DE200B70071FE91 /* ViewController.m */,
				8058E0361DE200B70071FE91 /* Main.storyboard */,
				8058E0391DE200B70071FE91 /* Assets.xcassets */,
				8058E03B1DE200B70071FE91 /* LaunchScreen.storyboard */,
				8058E03E1DE200B70071FE91 /* Info.plist */,
				8058E02E1DE200B70071FE91 /* main.m */,
			);
			name = "Supporting Files";
			sourceTree = "<group>";
		};
/* End PBXGroup section */

/* Begin PBXNativeTarget section */
		8058E0291DE200B60071FE91 /* EasyAlertView */ = {
			isa = PBXNativeTarget;
			buildConfigurationList = 8058E0411DE200B70071FE91 /* Build configuration list for PBXNativeTarget "EasyAlertView" */;
			buildPhases = (
				8058E0261DE200B60071FE91 /* Sources */,
				8058E0271DE200B60071FE91 /* Frameworks */,
				8058E0281DE200B60071FE91 /* Resources */,
			);
			buildRules = (
			);
			dependencies = (
			);
			name = EasyAlertView;
			productName = EasyAlertView;
			productReference = 8058E02A1DE200B60071FE91 /* EasyAlertView.app */;
			productType = "com.apple.product-type.application";
		};
/* End PBXNativeTarget section */

/* Begin PBXProject section */
		8058E0221DE200B60071FE91 /* Project object */ = {
			isa = PBXProject;
			attributes = {
				LastUpgradeCheck = 0730;
				ORGANIZATIONNAME = zhuxh;
				TargetAttributes = {
					8058E0291DE200B60071FE91 = {
						CreatedOnToolsVersion = 7.3.1;
					};
				};
			};
			buildConfigurationList = 8058E0251DE200B60071FE91 /* Build configuration list for PBXProject "EasyAlertView" */;
			compatibilityVersion = "Xcode 3.2";
			developmentRegion = English;
			hasScannedForEncodings = 0;
			knownRegions = (
				en,
				Base,
			);
			mainGroup = 8058E0211DE200B60071FE91;
			productRefGroup = 8058E02B1DE200B60071FE91 /* Products */;
			projectDirPath = "";
			projectRoot = "";
			targets = (
				8058E0291DE200B60071FE91 /* EasyAlertView */,
			);
		};
/* End PBXProject section */

/* Begin PBXResourcesBuildPhase section */
		8058E0281DE200B60071FE91 /* Resources */ = {
			isa = PBXResourcesBuildPhase;
			buildActionMask = 2147483647;
			files = (
				8058E03D1DE200B70071FE91 /* LaunchScreen.storyboard in Resources */,
				8058E03A1DE200B70071FE91 /* Assets.xcassets in Resources */,
				8058E0381DE200B70071FE91 /* Main.storyboard in Resources */,
			);
			runOnlyForDeploymentPostprocessing = 0;
		};
/* End PBXResourcesBuildPhase section */

/* Begin PBXSourcesBuildPhase section */
		8058E0261DE200B60071FE91 /* Sources */ = {
			isa = PBXSourcesBuildPhase;
			buildActionMask = 2147483647;
			files = (
				8058E0351DE200B70071FE91 /* ViewController.m in Sources */,
				8058E0321DE200B70071FE91 /* AppDelegate.m in Sources */,
				8058E02F1DE200B70071FE91 /* main.m in Sources */,
				8058E0461DE201750071FE91 /* EasyAlertView.m in Sources */,
			);
			runOnlyForDeploymentPostprocessing = 0;
		};
/* End PBXSourcesBuildPhase section */

/* Begin PBXVariantGroup section */
		8058E0361DE200B70071FE91 /* Main.storyboard */ = {
			isa = PBXVariantGroup;
			children = (
				8058E0371DE200B70071FE91 /* Base */,
			);
			name = Main.storyboard;
			sourceTree = "<group>";
		};
		8058E03B1DE200B70071FE91 /* LaunchScreen.storyboard */ = {
			isa = PBXVariantGroup;
			children = (
				8058E03C1DE200B70071FE91 /* Base */,
			);
			name = LaunchScreen.storyboard;
			sourceTree = "<group>";
		};
/* End PBXVariantGroup section */

/* Begin XCBuildConfiguration section */
		8058E03F1DE200B70071FE91 /* Debug */ = {
			isa = XCBuildConfiguration;
			buildSettings = {
				ALWAYS_SEARCH_USER_PATHS = NO;
				CLANG_ANALYZER_NONNULL = YES;
				CLANG_CXX_LANGUAGE_STANDARD = "gnu++0x";
				CLANG_CXX_LIBRARY = "libc++";
				CLANG_ENABLE_MODULES = YES;
				CLANG_ENABLE_OBJC_ARC = YES;
				CLANG_WARN_BOOL_CONVERSION = YES;
				CLANG_WARN_CONSTANT_CONVERSION = YES;
				CLANG_WARN_DIRECT_OBJC_ISA_USAGE = YES_ERROR;
				CLANG_WARN_EMPTY_BODY = YES;
				CLANG_WARN_ENUM_CONVERSION = YES;
				CLANG_WARN_INT_CONVERSION = YES;
				CLANG_WARN_OBJC_ROOT_CLASS = YES_ERROR;
				CLANG_WARN_UNREACHABLE_CODE = YES;
				CLANG_WARN__DUPLICATE_METHOD_MATCH = YES;
				"CODE_SIGN_IDENTITY[sdk=iphoneos*]" = "iPhone Developer";
				COPY_PHASE_STRIP = NO;
				DEBUG_INFORMATION_FORMAT = dwarf;
				ENABLE_STRICT_OBJC_MSGSEND = YES;
				ENABLE_TESTABILITY = YES;
				GCC_C_LANGUAGE_STANDARD = gnu99;
				GCC_DYNAMIC_NO_PIC = NO;
				GCC_NO_COMMON_BLOCKS = YES;
				GCC_OPTIMIZATION_LEVEL = 0;
				GCC_PREPROCESSOR_DEFINITIONS = (
					"DEBUG=1",
					"$(inherited)",
				);
				GCC_WARN_64_TO_32_BIT_CONVERSION = YES;
				GCC_WARN_ABOUT_RETURN_TYPE = YES_ERROR;
				GCC_WARN_UNDECLARED_SELECTOR = YES;
				GCC_WARN_UNINITIALIZED_AUTOS = YES_AGGRESSIVE;
				GCC_WARN_UNUSED_FUNCTION = YES;
				GCC_WARN_UNUSED_VARIABLE = YES;
				IPHONEOS_DEPLOYMENT_TARGET = 9.3;
				MTL_ENABLE_DEBUG_INFO = YES;
				ONLY_ACTIVE_ARCH = YES;
				SDKROOT = iphoneos;
				TARGETED_DEVICE_FAMILY = "1,2";
			};
			name = Debug;
		};
		8058E0401DE200B70071FE91 /* Release */ = {
			isa = XCBuildConfiguration;
			buildSettings = {
				ALWAYS_SEARCH_USER_PATHS = NO;
				CLANG_ANALYZER_NONNULL = YES;
				CLANG_CXX_LANGUAGE_STANDARD = "gnu++0x";
				CLANG_CXX_LIBRARY = "libc++";
				CLANG_ENABLE_MODULES = YES;
				CLANG_ENABLE_OBJC_ARC = YES;
				CLANG_WARN_BOOL_CONVERSION = YES;
				CLANG_WARN_CONSTANT_CONVERSION = YES;
				CLANG_WARN_DIRECT_OBJC_ISA_USAGE = YES_ERROR;
				CLANG_WARN_EMPTY_BODY = YES;
				CLANG_WARN_ENUM_CONVERSION = YES;
				CLANG_WARN_INT_CONVERSION = YES;
				CLANG_WARN_OBJC_ROOT_CLASS = YES_ERROR;
				CLANG_WARN_UNREACHABLE_CODE = YES;
				CLANG_WARN__DUPLICATE_METHOD_MATCH = YES;
				"CODE_SIGN_IDENTITY[sdk=iphoneos*]" = "iPhone Developer";
				COPY_PHASE_STRIP = NO;
				DEBUG_INFORMATION_FORMAT = "dwarf-with-dsym";
				ENABLE_NS_ASSERTIONS = NO;
				ENABLE_STRICT_OBJC_MSGSEND = YES;
				GCC_C_LANGUAGE_STANDARD = gnu99;
				GCC_NO_COMMON_BLOCKS = YES;
				GCC_WARN_64_TO_32_BIT_CONVERSION = YES;
				GCC_WARN_ABOUT_RETURN_TYPE = YES_ERROR;
				GCC_WARN_UNDECLARED_SELECTOR = YES;
				GCC_WARN_UNINITIALIZED_AUTOS = YES_AGGRESSIVE;
				GCC_WARN_UNUSED_FUNCTION = YES;
				GCC_WARN_UNUSED_VARIABLE = YES;
				IPHONEOS_DEPLOYMENT_TARGET = 9.3;
				MTL_ENABLE_DEBUG_INFO = NO;
				SDKROOT = iphoneos;
				TARGETED_DEVICE_FAMILY = "1,2";
				VALIDATE_PRODUCT = YES;
			};
			name = Release;
		};
		8058E0421DE200B70071FE91 /* Debug */ = {
			isa = XCBuildConfiguration;
			buildSettings = {
				ASSETCATALOG_COMPILER_APPICON_NAME = AppIcon;
				INFOPLIST_FILE = EasyAlertView/Info.plist;
				LD_RUNPATH_SEARCH_PATHS = "$(inherited) @executable_path/Frameworks";
				PRODUCT_BUNDLE_IDENTIFIER = com.founder.EasyAlertView;
				PRODUCT_NAME = "$(TARGET_NAME)";
			};
			name = Debug;
		};
		8058E0431DE200B70071FE91 /* Release */ = {
			isa = XCBuildConfiguration;
			buildSettings = {
				ASSETCATALOG_COMPILER_APPICON_NAME = AppIcon;
				INFOPLIST_FILE = EasyAlertView/Info.plist;
				LD_RUNPATH_SEARCH_PATHS = "$(inherited) @executable_path/Frameworks";
				PRODUCT_BUNDLE_IDENTIFIER = com.founder.EasyAlertView;
				PRODUCT_NAME = "$(TARGET_NAME)";
			};
			name = Release;
		};
/* End XCBuildConfiguration section */

/* Begin XCConfigurationList section */
		8058E0251DE200B60071FE91 /* Build configuration list for PBXProject "EasyAlertView" */ = {
			isa = XCConfigurationList;
			buildConfigurations = (
				8058E03F1DE200B70071FE91 /* Debug */,
				8058E0401DE200B70071FE91 /* Release */,
			);
			defaultConfigurationIsVisible = 0;
			defaultConfigurationName = Release;
		};
		8058E0411DE200B70071FE91 /* Build configuration list for PBXNativeTarget "EasyAlertView" */ = {
			isa = XCConfigurationList;
			buildConfigurations = (
				8058E0421DE200B70071FE91 /* Debug */,
				8058E0431DE200B70071FE91 /* Release */,
			);
			defaultConfigurationIsVisible = 0;
		};
/* End XCConfigurationList section */
	};
	rootObject = 8058E0221DE200B60071FE91 /* Project object */;
}
